
Microsoft Visual Studio Solution File, Format Version 12.00
# Visual Studio Version 16
VisualStudioVersion = 16.0.32802.440
MinimumVisualStudioVersion = 10.0.40219.1
Project("{FAE04EC0-301F-11D3-BF4B-00C04F79EFBC}") = "ST_SP23_8A_01", "ST_SP23_8A_01\ST_SP23_8A_01.csproj", "{89B1B816-FD5B-481F-8475-10E4A3C111B0}"
EndProject
Global
	GlobalSection(SolutionConfigurationPlatforms) = preSolution
		Debug|Any CPU = Debug|Any CPU
		Release|Any CPU = Release|Any CPU
	EndGlobalSection
	GlobalSection(ProjectConfigurationPlatforms) = postSolution
		{89B1B816-FD5B-481F-8475-10E4A3C111B0}.Debug|Any CPU.ActiveCfg = Debug|Any CPU
		{89B1B816-FD5B-481F-8475-10E4A3C111B0}.Debug|Any CPU.Build.0 = Debug|Any CPU
		{89B1B816-FD5B-481F-8475-10E4A3C111B0}.Release|Any CPU.ActiveCfg = Release|Any CPU
		{89B1B816-FD5B-481F-8475-10E4A3C111B0}.Release|Any CPU.Build.0 = Release|Any CPU
	EndGlobalSection
	GlobalSection(SolutionProperties) = preSolution
		HideSolutionNode = FALSE
	EndGlobalSection
	GlobalSection(ExtensibilityGlobals) = postSolution
		SolutionGuid = {73FD39EB-43AC-4B39-925C-494294297A2F}
	EndGlobalSection
EndGlobal
